// !$*UTF8*$!
{
	archiveVersion = 1;
	classes = {
	};
	objectVersion = 51;
	objects = {

/* Begin PBXBuildFile section */
		0EB662F1E16B63BF155BDE7B /* Pods_UnsplashMVVMTests.framework in Frameworks */ = {isa = PBXBuildFile; fileRef = 6F843C379B07E58528E68666 /* Pods_UnsplashMVVMTests.framework */; };
		21E22829EF221089D14E97B1 /* Pods_UnsplashMVVM_UnsplashMVVMUITests.framework in Frameworks */ = {isa = PBXBuildFile; fileRef = C16894DF6610DBC52074490D /* Pods_UnsplashMVVM_UnsplashMVVMUITests.framework */; };
		75A1722B90A36AF21413B87A /* Pods_UnsplashMVVM.framework in Frameworks */ = {isa = PBXBuildFile; fileRef = 27F626196B5318B3322B7C08 /* Pods_UnsplashMVVM.framework */; };
		8697F08F25474EB200842A4D /* CollectionViewCellAnimator.swift in Sources */ = {isa = PBXBuildFile; fileRef = 8697F08E25474EB200842A4D /* CollectionViewCellAnimator.swift */; };
		86A0DFA425437A1C00ED83EE /* Storyboarded.swift in Sources */ = {isa = PBXBuildFile; fileRef = 86A0DFA325437A1C00ED83EE /* Storyboarded.swift */; };
		86A0DFA625437A8500ED83EE /* Dashboard.storyboard in Resources */ = {isa = PBXBuildFile; fileRef = 86A0DFA525437A8500ED83EE /* Dashboard.storyboard */; };
		86A5535A253A7FDC0055FC71 /* AppDelegate.swift in Sources */ = {isa = PBXBuildFile; fileRef = 86A55359253A7FDC0055FC71 /* AppDelegate.swift */; };
		86A5535C253A7FDC0055FC71 /* SceneDelegate.swift in Sources */ = {isa = PBXBuildFile; fileRef = 86A5535B253A7FDC0055FC71 /* SceneDelegate.swift */; };
		86A5535E253A7FDC0055FC71 /* DashboardViewController.swift in Sources */ = {isa = PBXBuildFile; fileRef = 86A5535D253A7FDC0055FC71 /* DashboardViewController.swift */; };
		86A55361253A7FDC0055FC71 /* Main.storyboard in Resources */ = {isa = PBXBuildFile; fileRef = 86A5535F253A7FDC0055FC71 /* Main.storyboard */; };
		86A55363253A7FDF0055FC71 /* Assets.xcassets in Resources */ = {isa = PBXBuildFile; fileRef = 86A55362253A7FDF0055FC71 /* Assets.xcassets */; };
		86A55366253A7FDF0055FC71 /* LaunchScreen.storyboard in Resources */ = {isa = PBXBuildFile; fileRef = 86A55364253A7FDF0055FC71 /* LaunchScreen.storyboard */; };
		86A55371253A7FDF0055FC71 /* UnsplashMVVMTests.swift in Sources */ = {isa = PBXBuildFile; fileRef = 86A55370253A7FDF0055FC71 /* UnsplashMVVMTests.swift */; };
		86A5537C253A7FDF0055FC71 /* UnsplashMVVMUITests.swift in Sources */ = {isa = PBXBuildFile; fileRef = 86A5537B253A7FDF0055FC71 /* UnsplashMVVMUITests.swift */; };
		86A55399253A91570055FC71 /* MainTabBarViewController.swift in Sources */ = {isa = PBXBuildFile; fileRef = 86A55398253A91570055FC71 /* MainTabBarViewController.swift */; };
		86A5539B253A96660055FC71 /* DIContainer.swift in Sources */ = {isa = PBXBuildFile; fileRef = 86A5539A253A96660055FC71 /* DIContainer.swift */; };
		86A5539E253A972C0055FC71 /* SceneAssembly.swift in Sources */ = {isa = PBXBuildFile; fileRef = 86A5539D253A972C0055FC71 /* SceneAssembly.swift */; };
		86A553A1253A9AD90055FC71 /* NavigationHandlerProtocol.swift in Sources */ = {isa = PBXBuildFile; fileRef = 86A553A0253A9AD90055FC71 /* NavigationHandlerProtocol.swift */; };
		86A553A4253A9B4B0055FC71 /* NavigationHandler.swift in Sources */ = {isa = PBXBuildFile; fileRef = 86A553A3253A9B4B0055FC71 /* NavigationHandler.swift */; };
		86A553A6253A9BB40055FC71 /* HandlerAssembly.swift in Sources */ = {isa = PBXBuildFile; fileRef = 86A553A5253A9BB40055FC71 /* HandlerAssembly.swift */; };
		86A553A8253A9F440055FC71 /* Coordinator.swift in Sources */ = {isa = PBXBuildFile; fileRef = 86A553A7253A9F440055FC71 /* Coordinator.swift */; };
		86A553AA253A9F980055FC71 /* MainTabBarBuilder.swift in Sources */ = {isa = PBXBuildFile; fileRef = 86A553A9253A9F980055FC71 /* MainTabBarBuilder.swift */; };
		86A553AC253AA3770055FC71 /* DashboardCoordinator.swift in Sources */ = {isa = PBXBuildFile; fileRef = 86A553AB253AA3770055FC71 /* DashboardCoordinator.swift */; };
		86A553B0253AA62F0055FC71 /* DashboardProtocols.swift in Sources */ = {isa = PBXBuildFile; fileRef = 86A553AF253AA62F0055FC71 /* DashboardProtocols.swift */; };
		86A553B2253AA6AC0055FC71 /* Bindable.swift in Sources */ = {isa = PBXBuildFile; fileRef = 86A553B1253AA6AC0055FC71 /* Bindable.swift */; };
		86A553B4253AA8110055FC71 /* DashboardViewModel.swift in Sources */ = {isa = PBXBuildFile; fileRef = 86A553B3253AA8110055FC71 /* DashboardViewModel.swift */; };
		86A553B7253AA9E00055FC71 /* DashboardAssembly.swift in Sources */ = {isa = PBXBuildFile; fileRef = 86A553B6253AA9E00055FC71 /* DashboardAssembly.swift */; };
		86A553B9253AAD320055FC71 /* ProfileAssembly.swift in Sources */ = {isa = PBXBuildFile; fileRef = 86A553B8253AAD320055FC71 /* ProfileAssembly.swift */; };
		86A553BB253AAD7E0055FC71 /* ProfileViewController.swift in Sources */ = {isa = PBXBuildFile; fileRef = 86A553BA253AAD7E0055FC71 /* ProfileViewController.swift */; };
		86A553BD253AADCF0055FC71 /* ProfileCoordinator.swift in Sources */ = {isa = PBXBuildFile; fileRef = 86A553BC253AADCF0055FC71 /* ProfileCoordinator.swift */; };
		86A553BF253AAEAF0055FC71 /* ProfileProtocols.swift in Sources */ = {isa = PBXBuildFile; fileRef = 86A553BE253AAEAF0055FC71 /* ProfileProtocols.swift */; };
		86A553C1253AAEEB0055FC71 /* ProfileViewModel.swift in Sources */ = {isa = PBXBuildFile; fileRef = 86A553C0253AAEEB0055FC71 /* ProfileViewModel.swift */; };
		86F29C48253DF5760009A80E /* DashboardImagePreviewCollectionViewCell.xib in Resources */ = {isa = PBXBuildFile; fileRef = 86F29C47253DF5760009A80E /* DashboardImagePreviewCollectionViewCell.xib */; };
		86F29C4A253DF6650009A80E /* DashboardImagePreviewCollectionViewCell.swift in Sources */ = {isa = PBXBuildFile; fileRef = 86F29C49253DF6650009A80E /* DashboardImagePreviewCollectionViewCell.swift */; };
		86F29C4D253DF9D80009A80E /* UICollectionView+Extensions.swift in Sources */ = {isa = PBXBuildFile; fileRef = 86F29C4C253DF9D80009A80E /* UICollectionView+Extensions.swift */; };
		86F29C4F253DFA0E0009A80E /* Dequeuable.swift in Sources */ = {isa = PBXBuildFile; fileRef = 86F29C4E253DFA0E0009A80E /* Dequeuable.swift */; };
		86F29C52253DFD7A0009A80E /* ListViewState.swift in Sources */ = {isa = PBXBuildFile; fileRef = 86F29C51253DFD7A0009A80E /* ListViewState.swift */; };
		86F29C59253DFEA10009A80E /* DLImage.swift in Sources */ = {isa = PBXBuildFile; fileRef = 86F29C58253DFEA10009A80E /* DLImage.swift */; };
		86F29C5B253DFF930009A80E /* DLUrls.swift in Sources */ = {isa = PBXBuildFile; fileRef = 86F29C5A253DFF930009A80E /* DLUrls.swift */; };
		86F29C5D253E009E0009A80E /* DLUser.swift in Sources */ = {isa = PBXBuildFile; fileRef = 86F29C5C253E009E0009A80E /* DLUser.swift */; };
		86F29C5F253E01380009A80E /* DLProfileImage.swift in Sources */ = {isa = PBXBuildFile; fileRef = 86F29C5E253E01380009A80E /* DLProfileImage.swift */; };
		86F29C61253E02DA0009A80E /* DashboardInteractor.swift in Sources */ = {isa = PBXBuildFile; fileRef = 86F29C60253E02DA0009A80E /* DashboardInteractor.swift */; };
		86F29C63253E040C0009A80E /* DLImageUseCaseProtocol.swift in Sources */ = {isa = PBXBuildFile; fileRef = 86F29C62253E040C0009A80E /* DLImageUseCaseProtocol.swift */; };
		86F29C65253E04B00009A80E /* DLUseCaseProviderProtocol.swift in Sources */ = {isa = PBXBuildFile; fileRef = 86F29C64253E04B00009A80E /* DLUseCaseProviderProtocol.swift */; };
		86F29C68253E121C0009A80E /* VerticalFlowLayout.swift in Sources */ = {isa = PBXBuildFile; fileRef = 86F29C67253E121C0009A80E /* VerticalFlowLayout.swift */; };
		86F29C6B253E31760009A80E /* PLUseCaseProvider.swift in Sources */ = {isa = PBXBuildFile; fileRef = 86F29C6A253E31760009A80E /* PLUseCaseProvider.swift */; };
		86F29C6E253E323A0009A80E /* PLRemoteDataSourceProtocol.swift in Sources */ = {isa = PBXBuildFile; fileRef = 86F29C6D253E323A0009A80E /* PLRemoteDataSourceProtocol.swift */; };
		86F29C71253E33180009A80E /* PLImageRepository.swift in Sources */ = {isa = PBXBuildFile; fileRef = 86F29C70253E33180009A80E /* PLImageRepository.swift */; };
		86F29C73253E337A0009A80E /* PLImageRemoteDataSourceProtocol.swift in Sources */ = {isa = PBXBuildFile; fileRef = 86F29C72253E337A0009A80E /* PLImageRemoteDataSourceProtocol.swift */; };
		86F29C75253E46900009A80E /* ProviderAssembly.swift in Sources */ = {isa = PBXBuildFile; fileRef = 86F29C74253E46900009A80E /* ProviderAssembly.swift */; };
		86F29C77253E48E60009A80E /* DataSourceAssembly.swift in Sources */ = {isa = PBXBuildFile; fileRef = 86F29C76253E48E60009A80E /* DataSourceAssembly.swift */; };
		86F29C7A253E49E30009A80E /* NLRemoteDataSource.swift in Sources */ = {isa = PBXBuildFile; fileRef = 86F29C79253E49E30009A80E /* NLRemoteDataSource.swift */; };
		86F29C7D253E4A650009A80E /* NLImageRemoteDataSource.swift in Sources */ = {isa = PBXBuildFile; fileRef = 86F29C7C253E4A650009A80E /* NLImageRemoteDataSource.swift */; };
		86F29C7F253E4AA60009A80E /* NLAPIClient.swift in Sources */ = {isa = PBXBuildFile; fileRef = 86F29C7E253E4AA60009A80E /* NLAPIClient.swift */; };
		86F29C81253E4ACC0009A80E /* NLAPIError.swift in Sources */ = {isa = PBXBuildFile; fileRef = 86F29C80253E4ACC0009A80E /* NLAPIError.swift */; };
		86F29C85253E4B440009A80E /* NLImageClient.swift in Sources */ = {isa = PBXBuildFile; fileRef = 86F29C84253E4B440009A80E /* NLImageClient.swift */; };
		86F29C87253E4FC90009A80E /* NLImageProvider.swift in Sources */ = {isa = PBXBuildFile; fileRef = 86F29C86253E4FC90009A80E /* NLImageProvider.swift */; };
		86F29C89253E50340009A80E /* NLEndpoint.swift in Sources */ = {isa = PBXBuildFile; fileRef = 86F29C88253E50340009A80E /* NLEndpoint.swift */; };
		86F29C8B253E50D80009A80E /* URLRequest+Extensions.swift in Sources */ = {isa = PBXBuildFile; fileRef = 86F29C8A253E50D80009A80E /* URLRequest+Extensions.swift */; };
		86F29C8D253E517C0009A80E /* Dictionary+Extensions.swift in Sources */ = {isa = PBXBuildFile; fileRef = 86F29C8C253E517C0009A80E /* Dictionary+Extensions.swift */; };
		86F29C8F253E51990009A80E /* CharacterSet+Extensions.swift in Sources */ = {isa = PBXBuildFile; fileRef = 86F29C8E253E51990009A80E /* CharacterSet+Extensions.swift */; };
		86F29C97253E5A180009A80E /* Descriptable.swift in Sources */ = {isa = PBXBuildFile; fileRef = 86F29C96253E5A180009A80E /* Descriptable.swift */; };
		86F29C9A253E61890009A80E /* SimpleCollectionViewDataSource.swift in Sources */ = {isa = PBXBuildFile; fileRef = 86F29C99253E61890009A80E /* SimpleCollectionViewDataSource.swift */; };
		86F29C9C253E62C80009A80E /* DashboardCollectionViewCellProtocol.swift in Sources */ = {isa = PBXBuildFile; fileRef = 86F29C9B253E62C80009A80E /* DashboardCollectionViewCellProtocol.swift */; };
		86F29C9E253E654E0009A80E /* DashboardCellViewModel.swift in Sources */ = {isa = PBXBuildFile; fileRef = 86F29C9D253E654E0009A80E /* DashboardCellViewModel.swift */; };
		86F29CA0253E696C0009A80E /* CollectionViewDataSourcePrefetching.swift in Sources */ = {isa = PBXBuildFile; fileRef = 86F29C9F253E696C0009A80E /* CollectionViewDataSourcePrefetching.swift */; };
		86F29CA2253E698C0009A80E /* DataSourcePrefetching.swift in Sources */ = {isa = PBXBuildFile; fileRef = 86F29CA1253E698C0009A80E /* DataSourcePrefetching.swift */; };
		86F68B80253F24980018360A /* NLImage.swift in Sources */ = {isa = PBXBuildFile; fileRef = 86F68B7F253F24980018360A /* NLImage.swift */; };
		86F68B82253F2C3A0018360A /* DomainConvertible.swift in Sources */ = {isa = PBXBuildFile; fileRef = 86F68B81253F2C3A0018360A /* DomainConvertible.swift */; };
		86F68B84253F2F570018360A /* NLUrls.swift in Sources */ = {isa = PBXBuildFile; fileRef = 86F68B83253F2F570018360A /* NLUrls.swift */; };
		86F68B86253F318A0018360A /* NLUser.swift in Sources */ = {isa = PBXBuildFile; fileRef = 86F68B85253F318A0018360A /* NLUser.swift */; };
		86F68B88253F31B40018360A /* NLProfileImage.swift in Sources */ = {isa = PBXBuildFile; fileRef = 86F68B87253F31B40018360A /* NLProfileImage.swift */; };
		86F68B8A253F34C60018360A /* UIImageView+Kingfisher.swift in Sources */ = {isa = PBXBuildFile; fileRef = 86F68B89253F34C60018360A /* UIImageView+Kingfisher.swift */; };
/* End PBXBuildFile section */

/* Begin PBXContainerItemProxy section */
		86A5536D253A7FDF0055FC71 /* PBXContainerItemProxy */ = {
			isa = PBXContainerItemProxy;
			containerPortal = 86A5534E253A7FDC0055FC71 /* Project object */;
			proxyType = 1;
			remoteGlobalIDString = 86A55355253A7FDC0055FC71;
			remoteInfo = UnsplashMVVM;
		};
		86A55378253A7FDF0055FC71 /* PBXContainerItemProxy */ = {
			isa = PBXContainerItemProxy;
			containerPortal = 86A5534E253A7FDC0055FC71 /* Project object */;
			proxyType = 1;
			remoteGlobalIDString = 86A55355253A7FDC0055FC71;
			remoteInfo = UnsplashMVVM;
		};
/* End PBXContainerItemProxy section */

/* Begin PBXFileReference section */
		27F626196B5318B3322B7C08 /* Pods_UnsplashMVVM.framework */ = {isa = PBXFileReference; explicitFileType = wrapper.framework; includeInIndex = 0; path = Pods_UnsplashMVVM.framework; sourceTree = BUILT_PRODUCTS_DIR; };
		6F843C379B07E58528E68666 /* Pods_UnsplashMVVMTests.framework */ = {isa = PBXFileReference; explicitFileType = wrapper.framework; includeInIndex = 0; path = Pods_UnsplashMVVMTests.framework; sourceTree = BUILT_PRODUCTS_DIR; };
		7345C9758BDB7FA944BA0A96 /* Pods-UnsplashMVVM.release.xcconfig */ = {isa = PBXFileReference; includeInIndex = 1; lastKnownFileType = text.xcconfig; name = "Pods-UnsplashMVVM.release.xcconfig"; path = "Target Support Files/Pods-UnsplashMVVM/Pods-UnsplashMVVM.release.xcconfig"; sourceTree = "<group>"; };
		75D2121465F9D49A0A9048BA /* Pods-UnsplashMVVM.debug.xcconfig */ = {isa = PBXFileReference; includeInIndex = 1; lastKnownFileType = text.xcconfig; name = "Pods-UnsplashMVVM.debug.xcconfig"; path = "Target Support Files/Pods-UnsplashMVVM/Pods-UnsplashMVVM.debug.xcconfig"; sourceTree = "<group>"; };
		8697F08E25474EB200842A4D /* CollectionViewCellAnimator.swift */ = {isa = PBXFileReference; lastKnownFileType = sourcecode.swift; path = CollectionViewCellAnimator.swift; sourceTree = "<group>"; };
		86A0DFA325437A1C00ED83EE /* Storyboarded.swift */ = {isa = PBXFileReference; lastKnownFileType = sourcecode.swift; path = Storyboarded.swift; sourceTree = "<group>"; };
		86A0DFA525437A8500ED83EE /* Dashboard.storyboard */ = {isa = PBXFileReference; lastKnownFileType = file.storyboard; path = Dashboard.storyboard; sourceTree = "<group>"; };
		86A55356253A7FDC0055FC71 /* UnsplashMVVM.app */ = {isa = PBXFileReference; explicitFileType = wrapper.application; includeInIndex = 0; path = UnsplashMVVM.app; sourceTree = BUILT_PRODUCTS_DIR; };
		86A55359253A7FDC0055FC71 /* AppDelegate.swift */ = {isa = PBXFileReference; lastKnownFileType = sourcecode.swift; path = AppDelegate.swift; sourceTree = "<group>"; };
		86A5535B253A7FDC0055FC71 /* SceneDelegate.swift */ = {isa = PBXFileReference; lastKnownFileType = sourcecode.swift; path = SceneDelegate.swift; sourceTree = "<group>"; };
		86A5535D253A7FDC0055FC71 /* DashboardViewController.swift */ = {isa = PBXFileReference; lastKnownFileType = sourcecode.swift; path = DashboardViewController.swift; sourceTree = "<group>"; };
		86A55360253A7FDC0055FC71 /* Base */ = {isa = PBXFileReference; lastKnownFileType = file.storyboard; name = Base; path = Base.lproj/Main.storyboard; sourceTree = "<group>"; };
		86A55362253A7FDF0055FC71 /* Assets.xcassets */ = {isa = PBXFileReference; lastKnownFileType = folder.assetcatalog; path = Assets.xcassets; sourceTree = "<group>"; };
		86A55365253A7FDF0055FC71 /* Base */ = {isa = PBXFileReference; lastKnownFileType = file.storyboard; name = Base; path = Base.lproj/LaunchScreen.storyboard; sourceTree = "<group>"; };
		86A55367253A7FDF0055FC71 /* Info.plist */ = {isa = PBXFileReference; lastKnownFileType = text.plist.xml; path = Info.plist; sourceTree = "<group>"; };
		86A5536C253A7FDF0055FC71 /* UnsplashMVVMTests.xctest */ = {isa = PBXFileReference; explicitFileType = wrapper.cfbundle; includeInIndex = 0; path = UnsplashMVVMTests.xctest; sourceTree = BUILT_PRODUCTS_DIR; };
		86A55370253A7FDF0055FC71 /* UnsplashMVVMTests.swift */ = {isa = PBXFileReference; lastKnownFileType = sourcecode.swift; path = UnsplashMVVMTests.swift; sourceTree = "<group>"; };
		86A55372253A7FDF0055FC71 /* Info.plist */ = {isa = PBXFileReference; lastKnownFileType = text.plist.xml; path = Info.plist; sourceTree = "<group>"; };
		86A55377253A7FDF0055FC71 /* UnsplashMVVMUITests.xctest */ = {isa = PBXFileReference; explicitFileType = wrapper.cfbundle; includeInIndex = 0; path = UnsplashMVVMUITests.xctest; sourceTree = BUILT_PRODUCTS_DIR; };
		86A5537B253A7FDF0055FC71 /* UnsplashMVVMUITests.swift */ = {isa = PBXFileReference; lastKnownFileType = sourcecode.swift; path = UnsplashMVVMUITests.swift; sourceTree = "<group>"; };
		86A5537D253A7FDF0055FC71 /* Info.plist */ = {isa = PBXFileReference; lastKnownFileType = text.plist.xml; path = Info.plist; sourceTree = "<group>"; };
		86A55398253A91570055FC71 /* MainTabBarViewController.swift */ = {isa = PBXFileReference; lastKnownFileType = sourcecode.swift; path = MainTabBarViewController.swift; sourceTree = "<group>"; };
		86A5539A253A96660055FC71 /* DIContainer.swift */ = {isa = PBXFileReference; lastKnownFileType = sourcecode.swift; path = DIContainer.swift; sourceTree = "<group>"; };
		86A5539D253A972C0055FC71 /* SceneAssembly.swift */ = {isa = PBXFileReference; lastKnownFileType = sourcecode.swift; path = SceneAssembly.swift; sourceTree = "<group>"; };
		86A553A0253A9AD90055FC71 /* NavigationHandlerProtocol.swift */ = {isa = PBXFileReference; lastKnownFileType = sourcecode.swift; path = NavigationHandlerProtocol.swift; sourceTree = "<group>"; };
		86A553A3253A9B4B0055FC71 /* NavigationHandler.swift */ = {isa = PBXFileReference; lastKnownFileType = sourcecode.swift; path = NavigationHandler.swift; sourceTree = "<group>"; };
		86A553A5253A9BB40055FC71 /* HandlerAssembly.swift */ = {isa = PBXFileReference; lastKnownFileType = sourcecode.swift; path = HandlerAssembly.swift; sourceTree = "<group>"; };
		86A553A7253A9F440055FC71 /* Coordinator.swift */ = {isa = PBXFileReference; lastKnownFileType = sourcecode.swift; path = Coordinator.swift; sourceTree = "<group>"; };
		86A553A9253A9F980055FC71 /* MainTabBarBuilder.swift */ = {isa = PBXFileReference; lastKnownFileType = sourcecode.swift; path = MainTabBarBuilder.swift; sourceTree = "<group>"; };
		86A553AB253AA3770055FC71 /* DashboardCoordinator.swift */ = {isa = PBXFileReference; lastKnownFileType = sourcecode.swift; path = DashboardCoordinator.swift; sourceTree = "<group>"; };
		86A553AF253AA62F0055FC71 /* DashboardProtocols.swift */ = {isa = PBXFileReference; lastKnownFileType = sourcecode.swift; path = DashboardProtocols.swift; sourceTree = "<group>"; };
		86A553B1253AA6AC0055FC71 /* Bindable.swift */ = {isa = PBXFileReference; lastKnownFileType = sourcecode.swift; path = Bindable.swift; sourceTree = "<group>"; };
		86A553B3253AA8110055FC71 /* DashboardViewModel.swift */ = {isa = PBXFileReference; lastKnownFileType = sourcecode.swift; path = DashboardViewModel.swift; sourceTree = "<group>"; };
		86A553B6253AA9E00055FC71 /* DashboardAssembly.swift */ = {isa = PBXFileReference; lastKnownFileType = sourcecode.swift; path = DashboardAssembly.swift; sourceTree = "<group>"; };
		86A553B8253AAD320055FC71 /* ProfileAssembly.swift */ = {isa = PBXFileReference; lastKnownFileType = sourcecode.swift; path = ProfileAssembly.swift; sourceTree = "<group>"; };
		86A553BA253AAD7E0055FC71 /* ProfileViewController.swift */ = {isa = PBXFileReference; lastKnownFileType = sourcecode.swift; path = ProfileViewController.swift; sourceTree = "<group>"; };
		86A553BC253AADCF0055FC71 /* ProfileCoordinator.swift */ = {isa = PBXFileReference; lastKnownFileType = sourcecode.swift; path = ProfileCoordinator.swift; sourceTree = "<group>"; };
		86A553BE253AAEAF0055FC71 /* ProfileProtocols.swift */ = {isa = PBXFileReference; lastKnownFileType = sourcecode.swift; path = ProfileProtocols.swift; sourceTree = "<group>"; };
		86A553C0253AAEEB0055FC71 /* ProfileViewModel.swift */ = {isa = PBXFileReference; lastKnownFileType = sourcecode.swift; path = ProfileViewModel.swift; sourceTree = "<group>"; };
		86F29C47253DF5760009A80E /* DashboardImagePreviewCollectionViewCell.xib */ = {isa = PBXFileReference; lastKnownFileType = file.xib; path = DashboardImagePreviewCollectionViewCell.xib; sourceTree = "<group>"; };
		86F29C49253DF6650009A80E /* DashboardImagePreviewCollectionViewCell.swift */ = {isa = PBXFileReference; lastKnownFileType = sourcecode.swift; path = DashboardImagePreviewCollectionViewCell.swift; sourceTree = "<group>"; };
		86F29C4C253DF9D80009A80E /* UICollectionView+Extensions.swift */ = {isa = PBXFileReference; lastKnownFileType = sourcecode.swift; path = "UICollectionView+Extensions.swift"; sourceTree = "<group>"; };
		86F29C4E253DFA0E0009A80E /* Dequeuable.swift */ = {isa = PBXFileReference; lastKnownFileType = sourcecode.swift; path = Dequeuable.swift; sourceTree = "<group>"; };
		86F29C51253DFD7A0009A80E /* ListViewState.swift */ = {isa = PBXFileReference; lastKnownFileType = sourcecode.swift; path = ListViewState.swift; sourceTree = "<group>"; };
		86F29C58253DFEA10009A80E /* DLImage.swift */ = {isa = PBXFileReference; lastKnownFileType = sourcecode.swift; path = DLImage.swift; sourceTree = "<group>"; };
		86F29C5A253DFF930009A80E /* DLUrls.swift */ = {isa = PBXFileReference; lastKnownFileType = sourcecode.swift; path = DLUrls.swift; sourceTree = "<group>"; };
		86F29C5C253E009E0009A80E /* DLUser.swift */ = {isa = PBXFileReference; lastKnownFileType = sourcecode.swift; path = DLUser.swift; sourceTree = "<group>"; };
		86F29C5E253E01380009A80E /* DLProfileImage.swift */ = {isa = PBXFileReference; lastKnownFileType = sourcecode.swift; path = DLProfileImage.swift; sourceTree = "<group>"; };
		86F29C60253E02DA0009A80E /* DashboardInteractor.swift */ = {isa = PBXFileReference; lastKnownFileType = sourcecode.swift; path = DashboardInteractor.swift; sourceTree = "<group>"; };
		86F29C62253E040C0009A80E /* DLImageUseCaseProtocol.swift */ = {isa = PBXFileReference; lastKnownFileType = sourcecode.swift; path = DLImageUseCaseProtocol.swift; sourceTree = "<group>"; };
		86F29C64253E04B00009A80E /* DLUseCaseProviderProtocol.swift */ = {isa = PBXFileReference; lastKnownFileType = sourcecode.swift; path = DLUseCaseProviderProtocol.swift; sourceTree = "<group>"; };
		86F29C67253E121C0009A80E /* VerticalFlowLayout.swift */ = {isa = PBXFileReference; lastKnownFileType = sourcecode.swift; path = VerticalFlowLayout.swift; sourceTree = "<group>"; };
		86F29C6A253E31760009A80E /* PLUseCaseProvider.swift */ = {isa = PBXFileReference; lastKnownFileType = sourcecode.swift; path = PLUseCaseProvider.swift; sourceTree = "<group>"; };
		86F29C6D253E323A0009A80E /* PLRemoteDataSourceProtocol.swift */ = {isa = PBXFileReference; lastKnownFileType = sourcecode.swift; path = PLRemoteDataSourceProtocol.swift; sourceTree = "<group>"; };
		86F29C70253E33180009A80E /* PLImageRepository.swift */ = {isa = PBXFileReference; lastKnownFileType = sourcecode.swift; path = PLImageRepository.swift; sourceTree = "<group>"; };
		86F29C72253E337A0009A80E /* PLImageRemoteDataSourceProtocol.swift */ = {isa = PBXFileReference; lastKnownFileType = sourcecode.swift; path = PLImageRemoteDataSourceProtocol.swift; sourceTree = "<group>"; };
		86F29C74253E46900009A80E /* ProviderAssembly.swift */ = {isa = PBXFileReference; lastKnownFileType = sourcecode.swift; path = ProviderAssembly.swift; sourceTree = "<group>"; };
		86F29C76253E48E60009A80E /* DataSourceAssembly.swift */ = {isa = PBXFileReference; lastKnownFileType = sourcecode.swift; path = DataSourceAssembly.swift; sourceTree = "<group>"; };
		86F29C79253E49E30009A80E /* NLRemoteDataSource.swift */ = {isa = PBXFileReference; lastKnownFileType = sourcecode.swift; path = NLRemoteDataSource.swift; sourceTree = "<group>"; };
		86F29C7C253E4A650009A80E /* NLImageRemoteDataSource.swift */ = {isa = PBXFileReference; lastKnownFileType = sourcecode.swift; path = NLImageRemoteDataSource.swift; sourceTree = "<group>"; };
		86F29C7E253E4AA60009A80E /* NLAPIClient.swift */ = {isa = PBXFileReference; lastKnownFileType = sourcecode.swift; path = NLAPIClient.swift; sourceTree = "<group>"; };
		86F29C80253E4ACC0009A80E /* NLAPIError.swift */ = {isa = PBXFileReference; lastKnownFileType = sourcecode.swift; path = NLAPIError.swift; sourceTree = "<group>"; };
		86F29C84253E4B440009A80E /* NLImageClient.swift */ = {isa = PBXFileReference; lastKnownFileType = sourcecode.swift; path = NLImageClient.swift; sourceTree = "<group>"; };
		86F29C86253E4FC90009A80E /* NLImageProvider.swift */ = {isa = PBXFileReference; lastKnownFileType = sourcecode.swift; path = NLImageProvider.swift; sourceTree = "<group>"; };
		86F29C88253E50340009A80E /* NLEndpoint.swift */ = {isa = PBXFileReference; lastKnownFileType = sourcecode.swift; path = NLEndpoint.swift; sourceTree = "<group>"; };
		86F29C8A253E50D80009A80E /* URLRequest+Extensions.swift */ = {isa = PBXFileReference; lastKnownFileType = sourcecode.swift; path = "URLRequest+Extensions.swift"; sourceTree = "<group>"; };
		86F29C8C253E517C0009A80E /* Dictionary+Extensions.swift */ = {isa = PBXFileReference; lastKnownFileType = sourcecode.swift; path = "Dictionary+Extensions.swift"; sourceTree = "<group>"; };
		86F29C8E253E51990009A80E /* CharacterSet+Extensions.swift */ = {isa = PBXFileReference; lastKnownFileType = sourcecode.swift; path = "CharacterSet+Extensions.swift"; sourceTree = "<group>"; };
		86F29C96253E5A180009A80E /* Descriptable.swift */ = {isa = PBXFileReference; lastKnownFileType = sourcecode.swift; path = Descriptable.swift; sourceTree = "<group>"; };
		86F29C99253E61890009A80E /* SimpleCollectionViewDataSource.swift */ = {isa = PBXFileReference; lastKnownFileType = sourcecode.swift; path = SimpleCollectionViewDataSource.swift; sourceTree = "<group>"; };
		86F29C9B253E62C80009A80E /* DashboardCollectionViewCellProtocol.swift */ = {isa = PBXFileReference; lastKnownFileType = sourcecode.swift; path = DashboardCollectionViewCellProtocol.swift; sourceTree = "<group>"; };
		86F29C9D253E654E0009A80E /* DashboardCellViewModel.swift */ = {isa = PBXFileReference; lastKnownFileType = sourcecode.swift; path = DashboardCellViewModel.swift; sourceTree = "<group>"; };
		86F29C9F253E696C0009A80E /* CollectionViewDataSourcePrefetching.swift */ = {isa = PBXFileReference; lastKnownFileType = sourcecode.swift; path = CollectionViewDataSourcePrefetching.swift; sourceTree = "<group>"; };
		86F29CA1253E698C0009A80E /* DataSourcePrefetching.swift */ = {isa = PBXFileReference; lastKnownFileType = sourcecode.swift; path = DataSourcePrefetching.swift; sourceTree = "<group>"; };
		86F68B7F253F24980018360A /* NLImage.swift */ = {isa = PBXFileReference; lastKnownFileType = sourcecode.swift; path = NLImage.swift; sourceTree = "<group>"; };
		86F68B81253F2C3A0018360A /* DomainConvertible.swift */ = {isa = PBXFileReference; lastKnownFileType = sourcecode.swift; path = DomainConvertible.swift; sourceTree = "<group>"; };
		86F68B83253F2F570018360A /* NLUrls.swift */ = {isa = PBXFileReference; lastKnownFileType = sourcecode.swift; path = NLUrls.swift; sourceTree = "<group>"; };
		86F68B85253F318A0018360A /* NLUser.swift */ = {isa = PBXFileReference; lastKnownFileType = sourcecode.swift; path = NLUser.swift; sourceTree = "<group>"; };
		86F68B87253F31B40018360A /* NLProfileImage.swift */ = {isa = PBXFileReference; lastKnownFileType = sourcecode.swift; path = NLProfileImage.swift; sourceTree = "<group>"; };
		86F68B89253F34C60018360A /* UIImageView+Kingfisher.swift */ = {isa = PBXFileReference; lastKnownFileType = sourcecode.swift; path = "UIImageView+Kingfisher.swift"; sourceTree = "<group>"; };
		9756DBF58D488C20B4E3F8CF /* Pods-UnsplashMVVMTests.release.xcconfig */ = {isa = PBXFileReference; includeInIndex = 1; lastKnownFileType = text.xcconfig; name = "Pods-UnsplashMVVMTests.release.xcconfig"; path = "Target Support Files/Pods-UnsplashMVVMTests/Pods-UnsplashMVVMTests.release.xcconfig"; sourceTree = "<group>"; };
		BFDBBD19E5662EEEB73CD79A /* Pods-UnsplashMVVMTests.debug.xcconfig */ = {isa = PBXFileReference; includeInIndex = 1; lastKnownFileType = text.xcconfig; name = "Pods-UnsplashMVVMTests.debug.xcconfig"; path = "Target Support Files/Pods-UnsplashMVVMTests/Pods-UnsplashMVVMTests.debug.xcconfig"; sourceTree = "<group>"; };
		C16894DF6610DBC52074490D /* Pods_UnsplashMVVM_UnsplashMVVMUITests.framework */ = {isa = PBXFileReference; explicitFileType = wrapper.framework; includeInIndex = 0; path = Pods_UnsplashMVVM_UnsplashMVVMUITests.framework; sourceTree = BUILT_PRODUCTS_DIR; };
		EE2725E381022EB36F602DC8 /* Pods-UnsplashMVVM-UnsplashMVVMUITests.release.xcconfig */ = {isa = PBXFileReference; includeInIndex = 1; lastKnownFileType = text.xcconfig; name = "Pods-UnsplashMVVM-UnsplashMVVMUITests.release.xcconfig"; path = "Target Support Files/Pods-UnsplashMVVM-UnsplashMVVMUITests/Pods-UnsplashMVVM-UnsplashMVVMUITests.release.xcconfig"; sourceTree = "<group>"; };
		F567CBA2930FDD09CF0ADF0A /* Pods-UnsplashMVVM-UnsplashMVVMUITests.debug.xcconfig */ = {isa = PBXFileReference; includeInIndex = 1; lastKnownFileType = text.xcconfig; name = "Pods-UnsplashMVVM-UnsplashMVVMUITests.debug.xcconfig"; path = "Target Support Files/Pods-UnsplashMVVM-UnsplashMVVMUITests/Pods-UnsplashMVVM-UnsplashMVVMUITests.debug.xcconfig"; sourceTree = "<group>"; };
/* End PBXFileReference section */

/* Begin PBXFrameworksBuildPhase section */
		86A55353253A7FDC0055FC71 /* Frameworks */ = {
			isa = PBXFrameworksBuildPhase;
			buildActionMask = 2147483647;
			files = (
				75A1722B90A36AF21413B87A /* Pods_UnsplashMVVM.framework in Frameworks */,
			);
			runOnlyForDeploymentPostprocessing = 0;
		};
		86A55369253A7FDF0055FC71 /* Frameworks */ = {
			isa = PBXFrameworksBuildPhase;
			buildActionMask = 2147483647;
			files = (
				0EB662F1E16B63BF155BDE7B /* Pods_UnsplashMVVMTests.framework in Frameworks */,
			);
			runOnlyForDeploymentPostprocessing = 0;
		};
		86A55374253A7FDF0055FC71 /* Frameworks */ = {
			isa = PBXFrameworksBuildPhase;
			buildActionMask = 2147483647;
			files = (
				21E22829EF221089D14E97B1 /* Pods_UnsplashMVVM_UnsplashMVVMUITests.framework in Frameworks */,
			);
			runOnlyForDeploymentPostprocessing = 0;
		};
/* End PBXFrameworksBuildPhase section */

/* Begin PBXGroup section */
		5D7435ADF7999258CB98C12F /* Pods */ = {
			isa = PBXGroup;
			children = (
				75D2121465F9D49A0A9048BA /* Pods-UnsplashMVVM.debug.xcconfig */,
				7345C9758BDB7FA944BA0A96 /* Pods-UnsplashMVVM.release.xcconfig */,
				F567CBA2930FDD09CF0ADF0A /* Pods-UnsplashMVVM-UnsplashMVVMUITests.debug.xcconfig */,
				EE2725E381022EB36F602DC8 /* Pods-UnsplashMVVM-UnsplashMVVMUITests.release.xcconfig */,
				BFDBBD19E5662EEEB73CD79A /* Pods-UnsplashMVVMTests.debug.xcconfig */,
				9756DBF58D488C20B4E3F8CF /* Pods-UnsplashMVVMTests.release.xcconfig */,
			);
			path = Pods;
			sourceTree = "<group>";
		};
		8697F08D25474EA200842A4D /* Animations */ = {
			isa = PBXGroup;
			children = (
				8697F08E25474EB200842A4D /* CollectionViewCellAnimator.swift */,
			);
			path = Animations;
			sourceTree = "<group>";
		};
		86A5534D253A7FDC0055FC71 = {
			isa = PBXGroup;
			children = (
				86F29C69253E314F0009A80E /* PersistenceLayer */,
				86F29C54253DFE5C0009A80E /* DomainLayer */,
				86F29C53253DFE5C0009A80E /* NetworkLayer */,
				86A55358253A7FDC0055FC71 /* UnsplashMVVM */,
				86A5536F253A7FDF0055FC71 /* UnsplashMVVMTests */,
				86A5537A253A7FDF0055FC71 /* UnsplashMVVMUITests */,
				86A55357253A7FDC0055FC71 /* Products */,
				5D7435ADF7999258CB98C12F /* Pods */,
				E5099FB7E03B5361F0E837B8 /* Frameworks */,
			);
			sourceTree = "<group>";
		};
		86A55357253A7FDC0055FC71 /* Products */ = {
			isa = PBXGroup;
			children = (
				86A55356253A7FDC0055FC71 /* UnsplashMVVM.app */,
				86A5536C253A7FDF0055FC71 /* UnsplashMVVMTests.xctest */,
				86A55377253A7FDF0055FC71 /* UnsplashMVVMUITests.xctest */,
			);
			name = Products;
			sourceTree = "<group>";
		};
		86A55358253A7FDC0055FC71 /* UnsplashMVVM */ = {
			isa = PBXGroup;
			children = (
				86A55389253A82830055FC71 /* Dependecy Injection */,
				86A5538D253A84040055FC71 /* Scenes */,
				86A5538E253A84040055FC71 /* Helpers */,
				86A5538C253A84040055FC71 /* Resources */,
				86A5538B253A82A50055FC71 /* Storyboards */,
				86A5538A253A82830055FC71 /* Supporting Files */,
				86A55362253A7FDF0055FC71 /* Assets.xcassets */,
			);
			path = UnsplashMVVM;
			sourceTree = "<group>";
		};
		86A5536F253A7FDF0055FC71 /* UnsplashMVVMTests */ = {
			isa = PBXGroup;
			children = (
				86A55370253A7FDF0055FC71 /* UnsplashMVVMTests.swift */,
				86A55372253A7FDF0055FC71 /* Info.plist */,
			);
			path = UnsplashMVVMTests;
			sourceTree = "<group>";
		};
		86A5537A253A7FDF0055FC71 /* UnsplashMVVMUITests */ = {
			isa = PBXGroup;
			children = (
				86A5537B253A7FDF0055FC71 /* UnsplashMVVMUITests.swift */,
				86A5537D253A7FDF0055FC71 /* Info.plist */,
			);
			path = UnsplashMVVMUITests;
			sourceTree = "<group>";
		};
		86A55389253A82830055FC71 /* Dependecy Injection */ = {
			isa = PBXGroup;
			children = (
				86A5539C253A97070055FC71 /* DependencyAssemblers */,
				86A5539A253A96660055FC71 /* DIContainer.swift */,
			);
			path = "Dependecy Injection";
			sourceTree = "<group>";
		};
		86A5538A253A82830055FC71 /* Supporting Files */ = {
			isa = PBXGroup;
			children = (
				86A55359253A7FDC0055FC71 /* AppDelegate.swift */,
				86A5535B253A7FDC0055FC71 /* SceneDelegate.swift */,
				86A55367253A7FDF0055FC71 /* Info.plist */,
			);
			path = "Supporting Files";
			sourceTree = "<group>";
		};
		86A5538B253A82A50055FC71 /* Storyboards */ = {
			isa = PBXGroup;
			children = (
				86A5535F253A7FDC0055FC71 /* Main.storyboard */,
				86A55364253A7FDF0055FC71 /* LaunchScreen.storyboard */,
				86A0DFA525437A8500ED83EE /* Dashboard.storyboard */,
			);
			path = Storyboards;
			sourceTree = "<group>";
		};
		86A5538C253A84040055FC71 /* Resources */ = {
			isa = PBXGroup;
			children = (
			);
			path = Resources;
			sourceTree = "<group>";
		};
		86A5538D253A84040055FC71 /* Scenes */ = {
			isa = PBXGroup;
			children = (
				86A55390253A849F0055FC71 /* ViewComponents */,
				86A55391253A849F0055FC71 /* ViewControllers */,
			);
			path = Scenes;
			sourceTree = "<group>";
		};
		86A5538E253A84040055FC71 /* Helpers */ = {
			isa = PBXGroup;
			children = (
				86F29C50253DFD6A0009A80E /* Utils */,
				86F29C4B253DF9C10009A80E /* Extensions */,
				86A553A2253A9B340055FC71 /* Handlers */,
				86A5539F253A9AC60055FC71 /* Protocols */,
			);
			path = Helpers;
			sourceTree = "<group>";
		};
		86A55390253A849F0055FC71 /* ViewComponents */ = {
			isa = PBXGroup;
			children = (
				8697F08D25474EA200842A4D /* Animations */,
				86F29C98253E61740009A80E /* DataSources */,
				86F29C66253E12090009A80E /* Layout */,
				86F29C45253DF5230009A80E /* Cells */,
			);
			path = ViewComponents;
			sourceTree = "<group>";
		};
		86A55391253A849F0055FC71 /* ViewControllers */ = {
			isa = PBXGroup;
			children = (
				86A55397253A913F0055FC71 /* TabBar */,
				86A55394253A84C20055FC71 /* Dashboard */,
				86A55393253A84C20055FC71 /* Profile */,
			);
			path = ViewControllers;
			sourceTree = "<group>";
		};
		86A55393253A84C20055FC71 /* Profile */ = {
			isa = PBXGroup;
			children = (
				86A553BA253AAD7E0055FC71 /* ProfileViewController.swift */,
				86A553BC253AADCF0055FC71 /* ProfileCoordinator.swift */,
				86A553BE253AAEAF0055FC71 /* ProfileProtocols.swift */,
				86A553C0253AAEEB0055FC71 /* ProfileViewModel.swift */,
			);
			path = Profile;
			sourceTree = "<group>";
		};
		86A55394253A84C20055FC71 /* Dashboard */ = {
			isa = PBXGroup;
			children = (
				86A5535D253A7FDC0055FC71 /* DashboardViewController.swift */,
				86A553AB253AA3770055FC71 /* DashboardCoordinator.swift */,
				86A553AF253AA62F0055FC71 /* DashboardProtocols.swift */,
				86A553B3253AA8110055FC71 /* DashboardViewModel.swift */,
				86F29C60253E02DA0009A80E /* DashboardInteractor.swift */,
			);
			path = Dashboard;
			sourceTree = "<group>";
		};
		86A55397253A913F0055FC71 /* TabBar */ = {
			isa = PBXGroup;
			children = (
				86A55398253A91570055FC71 /* MainTabBarViewController.swift */,
				86A553A9253A9F980055FC71 /* MainTabBarBuilder.swift */,
			);
			path = TabBar;
			sourceTree = "<group>";
		};
		86A5539C253A97070055FC71 /* DependencyAssemblers */ = {
			isa = PBXGroup;
			children = (
				86A553B5253AA9C80055FC71 /* Scenes */,
				86A5539D253A972C0055FC71 /* SceneAssembly.swift */,
				86A553A5253A9BB40055FC71 /* HandlerAssembly.swift */,
				86F29C74253E46900009A80E /* ProviderAssembly.swift */,
				86F29C76253E48E60009A80E /* DataSourceAssembly.swift */,
			);
			path = DependencyAssemblers;
			sourceTree = "<group>";
		};
		86A5539F253A9AC60055FC71 /* Protocols */ = {
			isa = PBXGroup;
			children = (
				86A553A0253A9AD90055FC71 /* NavigationHandlerProtocol.swift */,
				86A553A7253A9F440055FC71 /* Coordinator.swift */,
				86A553B1253AA6AC0055FC71 /* Bindable.swift */,
				86F29C4E253DFA0E0009A80E /* Dequeuable.swift */,
				86F29C96253E5A180009A80E /* Descriptable.swift */,
				86F68B81253F2C3A0018360A /* DomainConvertible.swift */,
				86A0DFA325437A1C00ED83EE /* Storyboarded.swift */,
			);
			path = Protocols;
			sourceTree = "<group>";
		};
		86A553A2253A9B340055FC71 /* Handlers */ = {
			isa = PBXGroup;
			children = (
				86A553A3253A9B4B0055FC71 /* NavigationHandler.swift */,
			);
			path = Handlers;
			sourceTree = "<group>";
		};
		86A553B5253AA9C80055FC71 /* Scenes */ = {
			isa = PBXGroup;
			children = (
				86A553B6253AA9E00055FC71 /* DashboardAssembly.swift */,
				86A553B8253AAD320055FC71 /* ProfileAssembly.swift */,
			);
			path = Scenes;
			sourceTree = "<group>";
		};
		86F29C45253DF5230009A80E /* Cells */ = {
			isa = PBXGroup;
			children = (
				86F29C46253DF5440009A80E /* Dashboard */,
			);
			path = Cells;
			sourceTree = "<group>";
		};
		86F29C46253DF5440009A80E /* Dashboard */ = {
			isa = PBXGroup;
			children = (
				86F29C47253DF5760009A80E /* DashboardImagePreviewCollectionViewCell.xib */,
				86F29C49253DF6650009A80E /* DashboardImagePreviewCollectionViewCell.swift */,
				86F29C9B253E62C80009A80E /* DashboardCollectionViewCellProtocol.swift */,
				86F29C9D253E654E0009A80E /* DashboardCellViewModel.swift */,
			);
			path = Dashboard;
			sourceTree = "<group>";
		};
		86F29C4B253DF9C10009A80E /* Extensions */ = {
			isa = PBXGroup;
			children = (
				86F29C4C253DF9D80009A80E /* UICollectionView+Extensions.swift */,
				86F29C8A253E50D80009A80E /* URLRequest+Extensions.swift */,
				86F29C8C253E517C0009A80E /* Dictionary+Extensions.swift */,
				86F29C8E253E51990009A80E /* CharacterSet+Extensions.swift */,
				86F68B89253F34C60018360A /* UIImageView+Kingfisher.swift */,
			);
			path = Extensions;
			sourceTree = "<group>";
		};
		86F29C50253DFD6A0009A80E /* Utils */ = {
			isa = PBXGroup;
			children = (
				86F29C51253DFD7A0009A80E /* ListViewState.swift */,
			);
			path = Utils;
			sourceTree = "<group>";
		};
		86F29C53253DFE5C0009A80E /* NetworkLayer */ = {
			isa = PBXGroup;
			children = (
				86F68B7E253F248B0018360A /* Entities */,
				86F29C78253E49CD0009A80E /* DataSources */,
				86F29C82253E4B200009A80E /* Services */,
				86F29C7E253E4AA60009A80E /* NLAPIClient.swift */,
				86F29C80253E4ACC0009A80E /* NLAPIError.swift */,
				86F29C88253E50340009A80E /* NLEndpoint.swift */,
			);
			path = NetworkLayer;
			sourceTree = "<group>";
		};
		86F29C54253DFE5C0009A80E /* DomainLayer */ = {
			isa = PBXGroup;
			children = (
				86F29C56253DFE8B0009A80E /* Entities */,
				86F29C57253DFE8B0009A80E /* UseCases */,
			);
			path = DomainLayer;
			sourceTree = "<group>";
		};
		86F29C56253DFE8B0009A80E /* Entities */ = {
			isa = PBXGroup;
			children = (
				86F29C58253DFEA10009A80E /* DLImage.swift */,
				86F29C5A253DFF930009A80E /* DLUrls.swift */,
				86F29C5C253E009E0009A80E /* DLUser.swift */,
				86F29C5E253E01380009A80E /* DLProfileImage.swift */,
			);
			path = Entities;
			sourceTree = "<group>";
		};
		86F29C57253DFE8B0009A80E /* UseCases */ = {
			isa = PBXGroup;
			children = (
				86F29C64253E04B00009A80E /* DLUseCaseProviderProtocol.swift */,
				86F29C62253E040C0009A80E /* DLImageUseCaseProtocol.swift */,
			);
			path = UseCases;
			sourceTree = "<group>";
		};
		86F29C66253E12090009A80E /* Layout */ = {
			isa = PBXGroup;
			children = (
				86F29C67253E121C0009A80E /* VerticalFlowLayout.swift */,
			);
			path = Layout;
			sourceTree = "<group>";
		};
		86F29C69253E314F0009A80E /* PersistenceLayer */ = {
			isa = PBXGroup;
			children = (
				86F29C6F253E32FC0009A80E /* Repositories */,
				86F29C6C253E32250009A80E /* DataSources */,
				86F29C6A253E31760009A80E /* PLUseCaseProvider.swift */,
			);
			path = PersistenceLayer;
			sourceTree = "<group>";
		};
		86F29C6C253E32250009A80E /* DataSources */ = {
			isa = PBXGroup;
			children = (
				86F29C6D253E323A0009A80E /* PLRemoteDataSourceProtocol.swift */,
				86F29C72253E337A0009A80E /* PLImageRemoteDataSourceProtocol.swift */,
			);
			path = DataSources;
			sourceTree = "<group>";
		};
		86F29C6F253E32FC0009A80E /* Repositories */ = {
			isa = PBXGroup;
			children = (
				86F29C70253E33180009A80E /* PLImageRepository.swift */,
			);
			path = Repositories;
			sourceTree = "<group>";
		};
		86F29C78253E49CD0009A80E /* DataSources */ = {
			isa = PBXGroup;
			children = (
				86F29C7B253E4A440009A80E /* Image */,
				86F29C79253E49E30009A80E /* NLRemoteDataSource.swift */,
			);
			path = DataSources;
			sourceTree = "<group>";
		};
		86F29C7B253E4A440009A80E /* Image */ = {
			isa = PBXGroup;
			children = (
				86F29C7C253E4A650009A80E /* NLImageRemoteDataSource.swift */,
			);
			path = Image;
			sourceTree = "<group>";
		};
		86F29C82253E4B200009A80E /* Services */ = {
			isa = PBXGroup;
			children = (
				86F29C83253E4B350009A80E /* Image */,
			);
			path = Services;
			sourceTree = "<group>";
		};
		86F29C83253E4B350009A80E /* Image */ = {
			isa = PBXGroup;
			children = (
				86F29C84253E4B440009A80E /* NLImageClient.swift */,
				86F29C86253E4FC90009A80E /* NLImageProvider.swift */,
			);
			path = Image;
			sourceTree = "<group>";
		};
		86F29C98253E61740009A80E /* DataSources */ = {
			isa = PBXGroup;
			children = (
				86F29C99253E61890009A80E /* SimpleCollectionViewDataSource.swift */,
				86F29C9F253E696C0009A80E /* CollectionViewDataSourcePrefetching.swift */,
				86F29CA1253E698C0009A80E /* DataSourcePrefetching.swift */,
			);
			path = DataSources;
			sourceTree = "<group>";
		};
		86F68B7E253F248B0018360A /* Entities */ = {
			isa = PBXGroup;
			children = (
				86F68B7F253F24980018360A /* NLImage.swift */,
				86F68B83253F2F570018360A /* NLUrls.swift */,
				86F68B85253F318A0018360A /* NLUser.swift */,
				86F68B87253F31B40018360A /* NLProfileImage.swift */,
			);
			path = Entities;
			sourceTree = "<group>";
		};
		E5099FB7E03B5361F0E837B8 /* Frameworks */ = {
			isa = PBXGroup;
			children = (
				27F626196B5318B3322B7C08 /* Pods_UnsplashMVVM.framework */,
				C16894DF6610DBC52074490D /* Pods_UnsplashMVVM_UnsplashMVVMUITests.framework */,
				6F843C379B07E58528E68666 /* Pods_UnsplashMVVMTests.framework */,
			);
			name = Frameworks;
			sourceTree = "<group>";
		};
/* End PBXGroup section */

/* Begin PBXNativeTarget section */
		86A55355253A7FDC0055FC71 /* UnsplashMVVM */ = {
			isa = PBXNativeTarget;
			buildConfigurationList = 86A55380253A7FDF0055FC71 /* Build configuration list for PBXNativeTarget "UnsplashMVVM" */;
			buildPhases = (
				7E3E6B62242E2493D77D1FF4 /* [CP] Check Pods Manifest.lock */,
				86A55352253A7FDC0055FC71 /* Sources */,
				86A55353253A7FDC0055FC71 /* Frameworks */,
				86A55354253A7FDC0055FC71 /* Resources */,
				AE36A717185BE6813A5F4A31 /* [CP] Embed Pods Frameworks */,
			);
			buildRules = (
			);
			dependencies = (
			);
			name = UnsplashMVVM;
			productName = UnsplashMVVM;
			productReference = 86A55356253A7FDC0055FC71 /* UnsplashMVVM.app */;
			productType = "com.apple.product-type.application";
		};
		86A5536B253A7FDF0055FC71 /* UnsplashMVVMTests */ = {
			isa = PBXNativeTarget;
			buildConfigurationList = 86A55383253A7FDF0055FC71 /* Build configuration list for PBXNativeTarget "UnsplashMVVMTests" */;
			buildPhases = (
				F313226D8193EDED38CAF118 /* [CP] Check Pods Manifest.lock */,
				86A55368253A7FDF0055FC71 /* Sources */,
				86A55369253A7FDF0055FC71 /* Frameworks */,
				86A5536A253A7FDF0055FC71 /* Resources */,
			);
			buildRules = (
			);
			dependencies = (
				86A5536E253A7FDF0055FC71 /* PBXTargetDependency */,
			);
			name = UnsplashMVVMTests;
			productName = UnsplashMVVMTests;
			productReference = 86A5536C253A7FDF0055FC71 /* UnsplashMVVMTests.xctest */;
			productType = "com.apple.product-type.bundle.unit-test";
		};
		86A55376253A7FDF0055FC71 /* UnsplashMVVMUITests */ = {
			isa = PBXNativeTarget;
			buildConfigurationList = 86A55386253A7FDF0055FC71 /* Build configuration list for PBXNativeTarget "UnsplashMVVMUITests" */;
			buildPhases = (
				04692EF895367FEDECF31913 /* [CP] Check Pods Manifest.lock */,
				86A55373253A7FDF0055FC71 /* Sources */,
				86A55374253A7FDF0055FC71 /* Frameworks */,
				86A55375253A7FDF0055FC71 /* Resources */,
				32682FA3784C54A01C3E46AB /* [CP] Embed Pods Frameworks */,
			);
			buildRules = (
			);
			dependencies = (
				86A55379253A7FDF0055FC71 /* PBXTargetDependency */,
			);
			name = UnsplashMVVMUITests;
			productName = UnsplashMVVMUITests;
			productReference = 86A55377253A7FDF0055FC71 /* UnsplashMVVMUITests.xctest */;
			productType = "com.apple.product-type.bundle.ui-testing";
		};
/* End PBXNativeTarget section */

/* Begin PBXProject section */
		86A5534E253A7FDC0055FC71 /* Project object */ = {
			isa = PBXProject;
			attributes = {
				LastSwiftUpdateCheck = 1150;
				LastUpgradeCheck = 1150;
				ORGANIZATIONNAME = "Carlos Landaverde";
				TargetAttributes = {
					86A55355253A7FDC0055FC71 = {
						CreatedOnToolsVersion = 11.5;
					};
					86A5536B253A7FDF0055FC71 = {
						CreatedOnToolsVersion = 11.5;
						TestTargetID = 86A55355253A7FDC0055FC71;
					};
					86A55376253A7FDF0055FC71 = {
						CreatedOnToolsVersion = 11.5;
						TestTargetID = 86A55355253A7FDC0055FC71;
					};
				};
			};
			buildConfigurationList = 86A55351253A7FDC0055FC71 /* Build configuration list for PBXProject "UnsplashMVVM" */;
			compatibilityVersion = "Xcode 9.3";
			developmentRegion = en;
			hasScannedForEncodings = 0;
			knownRegions = (
				en,
				Base,
			);
			mainGroup = 86A5534D253A7FDC0055FC71;
			productRefGroup = 86A55357253A7FDC0055FC71 /* Products */;
			projectDirPath = "";
			projectRoot = "";
			targets = (
				86A55355253A7FDC0055FC71 /* UnsplashMVVM */,
				86A5536B253A7FDF0055FC71 /* UnsplashMVVMTests */,
				86A55376253A7FDF0055FC71 /* UnsplashMVVMUITests */,
			);
		};
/* End PBXProject section */

/* Begin PBXResourcesBuildPhase section */
		86A55354253A7FDC0055FC71 /* Resources */ = {
			isa = PBXResourcesBuildPhase;
			buildActionMask = 2147483647;
			files = (
				86F29C48253DF5760009A80E /* DashboardImagePreviewCollectionViewCell.xib in Resources */,
				86A0DFA625437A8500ED83EE /* Dashboard.storyboard in Resources */,
				86A55366253A7FDF0055FC71 /* LaunchScreen.storyboard in Resources */,
				86A55363253A7FDF0055FC71 /* Assets.xcassets in Resources */,
				86A55361253A7FDC0055FC71 /* Main.storyboard in Resources */,
			);
			runOnlyForDeploymentPostprocessing = 0;
		};
		86A5536A253A7FDF0055FC71 /* Resources */ = {
			isa = PBXResourcesBuildPhase;
			buildActionMask = 2147483647;
			files = (
			);
			runOnlyForDeploymentPostprocessing = 0;
		};
		86A55375253A7FDF0055FC71 /* Resources */ = {
			isa = PBXResourcesBuildPhase;
			buildActionMask = 2147483647;
			files = (
			);
			runOnlyForDeploymentPostprocessing = 0;
		};
/* End PBXResourcesBuildPhase section */

/* Begin PBXShellScriptBuildPhase section */
		04692EF895367FEDECF31913 /* [CP] Check Pods Manifest.lock */ = {
			isa = PBXShellScriptBuildPhase;
			buildActionMask = 2147483647;
			files = (
			);
			inputFileListPaths = (
			);
			inputPaths = (
				"${PODS_PODFILE_DIR_PATH}/Podfile.lock",
				"${PODS_ROOT}/Manifest.lock",
			);
			name = "[CP] Check Pods Manifest.lock";
			outputFileListPaths = (
			);
			outputPaths = (
				"$(DERIVED_FILE_DIR)/Pods-UnsplashMVVM-UnsplashMVVMUITests-checkManifestLockResult.txt",
			);
			runOnlyForDeploymentPostprocessing = 0;
			shellPath = /bin/sh;
			shellScript = "diff \"${PODS_PODFILE_DIR_PATH}/Podfile.lock\" \"${PODS_ROOT}/Manifest.lock\" > /dev/null\nif [ $? != 0 ] ; then\n    # print error to STDERR\n    echo \"error: The sandbox is not in sync with the Podfile.lock. Run 'pod install' or update your CocoaPods installation.\" >&2\n    exit 1\nfi\n# This output is used by Xcode 'outputs' to avoid re-running this script phase.\necho \"SUCCESS\" > \"${SCRIPT_OUTPUT_FILE_0}\"\n";
			showEnvVarsInLog = 0;
		};
		32682FA3784C54A01C3E46AB /* [CP] Embed Pods Frameworks */ = {
			isa = PBXShellScriptBuildPhase;
			buildActionMask = 2147483647;
			files = (
			);
			inputFileListPaths = (
				"${PODS_ROOT}/Target Support Files/Pods-UnsplashMVVM-UnsplashMVVMUITests/Pods-UnsplashMVVM-UnsplashMVVMUITests-frameworks-${CONFIGURATION}-input-files.xcfilelist",
			);
			name = "[CP] Embed Pods Frameworks";
			outputFileListPaths = (
				"${PODS_ROOT}/Target Support Files/Pods-UnsplashMVVM-UnsplashMVVMUITests/Pods-UnsplashMVVM-UnsplashMVVMUITests-frameworks-${CONFIGURATION}-output-files.xcfilelist",
			);
			runOnlyForDeploymentPostprocessing = 0;
			shellPath = /bin/sh;
			shellScript = "\"${PODS_ROOT}/Target Support Files/Pods-UnsplashMVVM-UnsplashMVVMUITests/Pods-UnsplashMVVM-UnsplashMVVMUITests-frameworks.sh\"\n";
			showEnvVarsInLog = 0;
		};
		7E3E6B62242E2493D77D1FF4 /* [CP] Check Pods Manifest.lock */ = {
			isa = PBXShellScriptBuildPhase;
			buildActionMask = 2147483647;
			files = (
			);
			inputFileListPaths = (
			);
			inputPaths = (
				"${PODS_PODFILE_DIR_PATH}/Podfile.lock",
				"${PODS_ROOT}/Manifest.lock",
			);
			name = "[CP] Check Pods Manifest.lock";
			outputFileListPaths = (
			);
			outputPaths = (
				"$(DERIVED_FILE_DIR)/Pods-UnsplashMVVM-checkManifestLockResult.txt",
			);
			runOnlyForDeploymentPostprocessing = 0;
			shellPath = /bin/sh;
			shellScript = "diff \"${PODS_PODFILE_DIR_PATH}/Podfile.lock\" \"${PODS_ROOT}/Manifest.lock\" > /dev/null\nif [ $? != 0 ] ; then\n    # print error to STDERR\n    echo \"error: The sandbox is not in sync with the Podfile.lock. Run 'pod install' or update your CocoaPods installation.\" >&2\n    exit 1\nfi\n# This output is used by Xcode 'outputs' to avoid re-running this script phase.\necho \"SUCCESS\" > \"${SCRIPT_OUTPUT_FILE_0}\"\n";
			showEnvVarsInLog = 0;
		};
		AE36A717185BE6813A5F4A31 /* [CP] Embed Pods Frameworks */ = {
			isa = PBXShellScriptBuildPhase;
			buildActionMask = 2147483647;
			files = (
			);
			inputFileListPaths = (
				"${PODS_ROOT}/Target Support Files/Pods-UnsplashMVVM/Pods-UnsplashMVVM-frameworks-${CONFIGURATION}-input-files.xcfilelist",
			);
			name = "[CP] Embed Pods Frameworks";
			outputFileListPaths = (
				"${PODS_ROOT}/Target Support Files/Pods-UnsplashMVVM/Pods-UnsplashMVVM-frameworks-${CONFIGURATION}-output-files.xcfilelist",
			);
			runOnlyForDeploymentPostprocessing = 0;
			shellPath = /bin/sh;
			shellScript = "\"${PODS_ROOT}/Target Support Files/Pods-UnsplashMVVM/Pods-UnsplashMVVM-frameworks.sh\"\n";
			showEnvVarsInLog = 0;
		};
		F313226D8193EDED38CAF118 /* [CP] Check Pods Manifest.lock */ = {
			isa = PBXShellScriptBuildPhase;
			buildActionMask = 2147483647;
			files = (
			);
			inputFileListPaths = (
			);
			inputPaths = (
				"${PODS_PODFILE_DIR_PATH}/Podfile.lock",
				"${PODS_ROOT}/Manifest.lock",
			);
			name = "[CP] Check Pods Manifest.lock";
			outputFileListPaths = (
			);
			outputPaths = (
				"$(DERIVED_FILE_DIR)/Pods-UnsplashMVVMTests-checkManifestLockResult.txt",
			);
			runOnlyForDeploymentPostprocessing = 0;
			shellPath = /bin/sh;
			shellScript = "diff \"${PODS_PODFILE_DIR_PATH}/Podfile.lock\" \"${PODS_ROOT}/Manifest.lock\" > /dev/null\nif [ $? != 0 ] ; then\n    # print error to STDERR\n    echo \"error: The sandbox is not in sync with the Podfile.lock. Run 'pod install' or update your CocoaPods installation.\" >&2\n    exit 1\nfi\n# This output is used by Xcode 'outputs' to avoid re-running this script phase.\necho \"SUCCESS\" > \"${SCRIPT_OUTPUT_FILE_0}\"\n";
			showEnvVarsInLog = 0;
		};
/* End PBXShellScriptBuildPhase section */

/* Begin PBXSourcesBuildPhase section */
		86A55352253A7FDC0055FC71 /* Sources */ = {
			isa = PBXSourcesBuildPhase;
			buildActionMask = 2147483647;
			files = (
				86F29C4F253DFA0E0009A80E /* Dequeuable.swift in Sources */,
				86A553A4253A9B4B0055FC71 /* NavigationHandler.swift in Sources */,
				86F68B8A253F34C60018360A /* UIImageView+Kingfisher.swift in Sources */,
				86A553B9253AAD320055FC71 /* ProfileAssembly.swift in Sources */,
				86A553AC253AA3770055FC71 /* DashboardCoordinator.swift in Sources */,
				86F68B86253F318A0018360A /* NLUser.swift in Sources */,
				86F29C77253E48E60009A80E /* DataSourceAssembly.swift in Sources */,
				86A5535E253A7FDC0055FC71 /* DashboardViewController.swift in Sources */,
				86F29C61253E02DA0009A80E /* DashboardInteractor.swift in Sources */,
				86F29C75253E46900009A80E /* ProviderAssembly.swift in Sources */,
				86A553A8253A9F440055FC71 /* Coordinator.swift in Sources */,
				86A55399253A91570055FC71 /* MainTabBarViewController.swift in Sources */,
				86F29C6B253E31760009A80E /* PLUseCaseProvider.swift in Sources */,
				86F29C7F253E4AA60009A80E /* NLAPIClient.swift in Sources */,
				86A553C1253AAEEB0055FC71 /* ProfileViewModel.swift in Sources */,
				86F29C7A253E49E30009A80E /* NLRemoteDataSource.swift in Sources */,
				86A553BB253AAD7E0055FC71 /* ProfileViewController.swift in Sources */,
				86F29CA0253E696C0009A80E /* CollectionViewDataSourcePrefetching.swift in Sources */,
				86F29C59253DFEA10009A80E /* DLImage.swift in Sources */,
				86F29C5D253E009E0009A80E /* DLUser.swift in Sources */,
				86A553B2253AA6AC0055FC71 /* Bindable.swift in Sources */,
				86F68B84253F2F570018360A /* NLUrls.swift in Sources */,
				86A553B4253AA8110055FC71 /* DashboardViewModel.swift in Sources */,
				86F68B82253F2C3A0018360A /* DomainConvertible.swift in Sources */,
				86F29C52253DFD7A0009A80E /* ListViewState.swift in Sources */,
				86F29C63253E040C0009A80E /* DLImageUseCaseProtocol.swift in Sources */,
				86F29C68253E121C0009A80E /* VerticalFlowLayout.swift in Sources */,
				86F29CA2253E698C0009A80E /* DataSourcePrefetching.swift in Sources */,
				86F29C73253E337A0009A80E /* PLImageRemoteDataSourceProtocol.swift in Sources */,
				86F29C8D253E517C0009A80E /* Dictionary+Extensions.swift in Sources */,
				86F68B80253F24980018360A /* NLImage.swift in Sources */,
				86F29C65253E04B00009A80E /* DLUseCaseProviderProtocol.swift in Sources */,
				86F29C8B253E50D80009A80E /* URLRequest+Extensions.swift in Sources */,
				86F29C6E253E323A0009A80E /* PLRemoteDataSourceProtocol.swift in Sources */,
				86F29C9C253E62C80009A80E /* DashboardCollectionViewCellProtocol.swift in Sources */,
				86F29C4A253DF6650009A80E /* DashboardImagePreviewCollectionViewCell.swift in Sources */,
				86F29C4D253DF9D80009A80E /* UICollectionView+Extensions.swift in Sources */,
				86A553A6253A9BB40055FC71 /* HandlerAssembly.swift in Sources */,
				86A553BD253AADCF0055FC71 /* ProfileCoordinator.swift in Sources */,
				86F68B88253F31B40018360A /* NLProfileImage.swift in Sources */,
				86F29C97253E5A180009A80E /* Descriptable.swift in Sources */,
				86F29C87253E4FC90009A80E /* NLImageProvider.swift in Sources */,
				86F29C9E253E654E0009A80E /* DashboardCellViewModel.swift in Sources */,
				86F29C5B253DFF930009A80E /* DLUrls.swift in Sources */,
				86A5539E253A972C0055FC71 /* SceneAssembly.swift in Sources */,
				86F29C7D253E4A650009A80E /* NLImageRemoteDataSource.swift in Sources */,
				86A553AA253A9F980055FC71 /* MainTabBarBuilder.swift in Sources */,
				86A553B7253AA9E00055FC71 /* DashboardAssembly.swift in Sources */,
				86F29C81253E4ACC0009A80E /* NLAPIError.swift in Sources */,
				86A5539B253A96660055FC71 /* DIContainer.swift in Sources */,
				86F29C71253E33180009A80E /* PLImageRepository.swift in Sources */,
				86A5535A253A7FDC0055FC71 /* AppDelegate.swift in Sources */,
				86F29C9A253E61890009A80E /* SimpleCollectionViewDataSource.swift in Sources */,
				86F29C8F253E51990009A80E /* CharacterSet+Extensions.swift in Sources */,
				8697F08F25474EB200842A4D /* CollectionViewCellAnimator.swift in Sources */,
				86F29C85253E4B440009A80E /* NLImageClient.swift in Sources */,
				86A0DFA425437A1C00ED83EE /* Storyboarded.swift in Sources */,
				86F29C89253E50340009A80E /* NLEndpoint.swift in Sources */,
				86A553A1253A9AD90055FC71 /* NavigationHandlerProtocol.swift in Sources */,
				86A5535C253A7FDC0055FC71 /* SceneDelegate.swift in Sources */,
				86F29C5F253E01380009A80E /* DLProfileImage.swift in Sources */,
				86A553B0253AA62F0055FC71 /* DashboardProtocols.swift in Sources */,
				86A553BF253AAEAF0055FC71 /* ProfileProtocols.swift in Sources */,
			);
			runOnlyForDeploymentPostprocessing = 0;
		};
		86A55368253A7FDF0055FC71 /* Sources */ = {
			isa = PBXSourcesBuildPhase;
			buildActionMask = 2147483647;
			files = (
				86A55371253A7FDF0055FC71 /* UnsplashMVVMTests.swift in Sources */,
			);
			runOnlyForDeploymentPostprocessing = 0;
		};
		86A55373253A7FDF0055FC71 /* Sources */ = {
			isa = PBXSourcesBuildPhase;
			buildActionMask = 2147483647;
			files = (
				86A5537C253A7FDF0055FC71 /* UnsplashMVVMUITests.swift in Sources */,
			);
			runOnlyForDeploymentPostprocessing = 0;
		};
/* End PBXSourcesBuildPhase section */

/* Begin PBXTargetDependency section */
		86A5536E253A7FDF0055FC71 /* PBXTargetDependency */ = {
			isa = PBXTargetDependency;
			target = 86A55355253A7FDC0055FC71 /* UnsplashMVVM */;
			targetProxy = 86A5536D253A7FDF0055FC71 /* PBXContainerItemProxy */;
		};
		86A55379253A7FDF0055FC71 /* PBXTargetDependency */ = {
			isa = PBXTargetDependency;
			target = 86A55355253A7FDC0055FC71 /* UnsplashMVVM */;
			targetProxy = 86A55378253A7FDF0055FC71 /* PBXContainerItemProxy */;
		};
/* End PBXTargetDependency section */

/* Begin PBXVariantGroup section */
		86A5535F253A7FDC0055FC71 /* Main.storyboard */ = {
			isa = PBXVariantGroup;
			children = (
				86A55360253A7FDC0055FC71 /* Base */,
			);
			name = Main.storyboard;
			sourceTree = "<group>";
		};
		86A55364253A7FDF0055FC71 /* LaunchScreen.storyboard */ = {
			isa = PBXVariantGroup;
			children = (
				86A55365253A7FDF0055FC71 /* Base */,
			);
			name = LaunchScreen.storyboard;
			sourceTree = "<group>";
		};
/* End PBXVariantGroup section */

/* Begin XCBuildConfiguration section */
		86A5537E253A7FDF0055FC71 /* Debug */ = {
			isa = XCBuildConfiguration;
			buildSettings = {
				ALWAYS_SEARCH_USER_PATHS = NO;
				CLANG_ANALYZER_NONNULL = YES;
				CLANG_ANALYZER_NUMBER_OBJECT_CONVERSION = YES_AGGRESSIVE;
				CLANG_CXX_LANGUAGE_STANDARD = "gnu++14";
				CLANG_CXX_LIBRARY = "libc++";
				CLANG_ENABLE_MODULES = YES;
				CLANG_ENABLE_OBJC_ARC = YES;
				CLANG_ENABLE_OBJC_WEAK = YES;
				CLANG_WARN_BLOCK_CAPTURE_AUTORELEASING = YES;
				CLANG_WARN_BOOL_CONVERSION = YES;
				CLANG_WARN_COMMA = YES;
				CLANG_WARN_CONSTANT_CONVERSION = YES;
				CLANG_WARN_DEPRECATED_OBJC_IMPLEMENTATIONS = YES;
				CLANG_WARN_DIRECT_OBJC_ISA_USAGE = YES_ERROR;
				CLANG_WARN_DOCUMENTATION_COMMENTS = YES;
				CLANG_WARN_EMPTY_BODY = YES;
				CLANG_WARN_ENUM_CONVERSION = YES;
				CLANG_WARN_INFINITE_RECURSION = YES;
				CLANG_WARN_INT_CONVERSION = YES;
				CLANG_WARN_NON_LITERAL_NULL_CONVERSION = YES;
				CLANG_WARN_OBJC_IMPLICIT_RETAIN_SELF = YES;
				CLANG_WARN_OBJC_LITERAL_CONVERSION = YES;
				CLANG_WARN_OBJC_ROOT_CLASS = YES_ERROR;
				CLANG_WARN_RANGE_LOOP_ANALYSIS = YES;
				CLANG_WARN_STRICT_PROTOTYPES = YES;
				CLANG_WARN_SUSPICIOUS_MOVE = YES;
				CLANG_WARN_UNGUARDED_AVAILABILITY = YES_AGGRESSIVE;
				CLANG_WARN_UNREACHABLE_CODE = YES;
				CLANG_WARN__DUPLICATE_METHOD_MATCH = YES;
				COPY_PHASE_STRIP = NO;
				DEBUG_INFORMATION_FORMAT = dwarf;
				ENABLE_STRICT_OBJC_MSGSEND = YES;
				ENABLE_TESTABILITY = YES;
				GCC_C_LANGUAGE_STANDARD = gnu11;
				GCC_DYNAMIC_NO_PIC = NO;
				GCC_NO_COMMON_BLOCKS = YES;
				GCC_OPTIMIZATION_LEVEL = 0;
				GCC_PREPROCESSOR_DEFINITIONS = (
					"DEBUG=1",
					"$(inherited)",
				);
				GCC_WARN_64_TO_32_BIT_CONVERSION = YES;
				GCC_WARN_ABOUT_RETURN_TYPE = YES_ERROR;
				GCC_WARN_UNDECLARED_SELECTOR = YES;
				GCC_WARN_UNINITIALIZED_AUTOS = YES_AGGRESSIVE;
				GCC_WARN_UNUSED_FUNCTION = YES;
				GCC_WARN_UNUSED_VARIABLE = YES;
				IPHONEOS_DEPLOYMENT_TARGET = 13.5;
				MTL_ENABLE_DEBUG_INFO = INCLUDE_SOURCE;
				MTL_FAST_MATH = YES;
				ONLY_ACTIVE_ARCH = YES;
				SDKROOT = iphoneos;
				SWIFT_ACTIVE_COMPILATION_CONDITIONS = DEBUG;
				SWIFT_OPTIMIZATION_LEVEL = "-Onone";
			};
			name = Debug;
		};
		86A5537F253A7FDF0055FC71 /* Release */ = {
			isa = XCBuildConfiguration;
			buildSettings = {
				ALWAYS_SEARCH_USER_PATHS = NO;
				CLANG_ANALYZER_NONNULL = YES;
				CLANG_ANALYZER_NUMBER_OBJECT_CONVERSION = YES_AGGRESSIVE;
				CLANG_CXX_LANGUAGE_STANDARD = "gnu++14";
				CLANG_CXX_LIBRARY = "libc++";
				CLANG_ENABLE_MODULES = YES;
				CLANG_ENABLE_OBJC_ARC = YES;
				CLANG_ENABLE_OBJC_WEAK = YES;
				CLANG_WARN_BLOCK_CAPTURE_AUTORELEASING = YES;
				CLANG_WARN_BOOL_CONVERSION = YES;
				CLANG_WARN_COMMA = YES;
				CLANG_WARN_CONSTANT_CONVERSION = YES;
				CLANG_WARN_DEPRECATED_OBJC_IMPLEMENTATIONS = YES;
				CLANG_WARN_DIRECT_OBJC_ISA_USAGE = YES_ERROR;
				CLANG_WARN_DOCUMENTATION_COMMENTS = YES;
				CLANG_WARN_EMPTY_BODY = YES;
				CLANG_WARN_ENUM_CONVERSION = YES;
				CLANG_WARN_INFINITE_RECURSION = YES;
				CLANG_WARN_INT_CONVERSION = YES;
				CLANG_WARN_NON_LITERAL_NULL_CONVERSION = YES;
				CLANG_WARN_OBJC_IMPLICIT_RETAIN_SELF = YES;
				CLANG_WARN_OBJC_LITERAL_CONVERSION = YES;
				CLANG_WARN_OBJC_ROOT_CLASS = YES_ERROR;
				CLANG_WARN_RANGE_LOOP_ANALYSIS = YES;
				CLANG_WARN_STRICT_PROTOTYPES = YES;
				CLANG_WARN_SUSPICIOUS_MOVE = YES;
				CLANG_WARN_UNGUARDED_AVAILABILITY = YES_AGGRESSIVE;
				CLANG_WARN_UNREACHABLE_CODE = YES;
				CLANG_WARN__DUPLICATE_METHOD_MATCH = YES;
				COPY_PHASE_STRIP = NO;
				DEBUG_INFORMATION_FORMAT = "dwarf-with-dsym";
				ENABLE_NS_ASSERTIONS = NO;
				ENABLE_STRICT_OBJC_MSGSEND = YES;
				GCC_C_LANGUAGE_STANDARD = gnu11;
				GCC_NO_COMMON_BLOCKS = YES;
				GCC_WARN_64_TO_32_BIT_CONVERSION = YES;
				GCC_WARN_ABOUT_RETURN_TYPE = YES_ERROR;
				GCC_WARN_UNDECLARED_SELECTOR = YES;
				GCC_WARN_UNINITIALIZED_AUTOS = YES_AGGRESSIVE;
				GCC_WARN_UNUSED_FUNCTION = YES;
				GCC_WARN_UNUSED_VARIABLE = YES;
				IPHONEOS_DEPLOYMENT_TARGET = 13.5;
				MTL_ENABLE_DEBUG_INFO = NO;
				MTL_FAST_MATH = YES;
				SDKROOT = iphoneos;
				SWIFT_COMPILATION_MODE = wholemodule;
				SWIFT_OPTIMIZATION_LEVEL = "-O";
				VALIDATE_PRODUCT = YES;
			};
			name = Release;
		};
		86A55381253A7FDF0055FC71 /* Debug */ = {
			isa = XCBuildConfiguration;
			baseConfigurationReference = 75D2121465F9D49A0A9048BA /* Pods-UnsplashMVVM.debug.xcconfig */;
			buildSettings = {
				ASSETCATALOG_COMPILER_APPICON_NAME = AppIcon;
				CODE_SIGN_STYLE = Automatic;
				INFOPLIST_FILE = "UnsplashMVVM/Supporting Files/Info.plist";
				IPHONEOS_DEPLOYMENT_TARGET = 11.0;
				LD_RUNPATH_SEARCH_PATHS = (
					"$(inherited)",
					"@executable_path/Frameworks",
				);
				PRODUCT_BUNDLE_IDENTIFIER = com.carlosladd.UnsplashMVVM;
				PRODUCT_NAME = "$(TARGET_NAME)";
				SWIFT_VERSION = 5.0;
				TARGETED_DEVICE_FAMILY = 1;
			};
			name = Debug;
		};
		86A55382253A7FDF0055FC71 /* Release */ = {
			isa = XCBuildConfiguration;
			baseConfigurationReference = 7345C9758BDB7FA944BA0A96 /* Pods-UnsplashMVVM.release.xcconfig */;
			buildSettings = {
				ASSETCATALOG_COMPILER_APPICON_NAME = AppIcon;
				CODE_SIGN_STYLE = Automatic;
				INFOPLIST_FILE = "UnsplashMVVM/Supporting Files/Info.plist";
				IPHONEOS_DEPLOYMENT_TARGET = 11.0;
				LD_RUNPATH_SEARCH_PATHS = (
					"$(inherited)",
					"@executable_path/Frameworks",
				);
				PRODUCT_BUNDLE_IDENTIFIER = com.carlosladd.UnsplashMVVM;
				PRODUCT_NAME = "$(TARGET_NAME)";
				SWIFT_VERSION = 5.0;
				TARGETED_DEVICE_FAMILY = 1;
			};
			name = Release;
		};
		86A55384253A7FDF0055FC71 /* Debug */ = {
			isa = XCBuildConfiguration;
			baseConfigurationReference = BFDBBD19E5662EEEB73CD79A /* Pods-UnsplashMVVMTests.debug.xcconfig */;
			buildSettings = {
				ALWAYS_EMBED_SWIFT_STANDARD_LIBRARIES = YES;
				BUNDLE_LOADER = "$(TEST_HOST)";
				CODE_SIGN_STYLE = Automatic;
				INFOPLIST_FILE = UnsplashMVVMTests/Info.plist;
				IPHONEOS_DEPLOYMENT_TARGET = 13.5;
				LD_RUNPATH_SEARCH_PATHS = (
					"$(inherited)",
					"@executable_path/Frameworks",
					"@loader_path/Frameworks",
				);
				PRODUCT_BUNDLE_IDENTIFIER = com.carlosladd.UnsplashMVVMTests;
				PRODUCT_NAME = "$(TARGET_NAME)";
				SWIFT_VERSION = 5.0;
				TARGETED_DEVICE_FAMILY = "1,2";
				TEST_HOST = "$(BUILT_PRODUCTS_DIR)/UnsplashMVVM.app/UnsplashMVVM";
			};
			name = Debug;
		};
		86A55385253A7FDF0055FC71 /* Release */ = {
			isa = XCBuildConfiguration;
			baseConfigurationReference = 9756DBF58D488C20B4E3F8CF /* Pods-UnsplashMVVMTests.release.xcconfig */;
			buildSettings = {
				ALWAYS_EMBED_SWIFT_STANDARD_LIBRARIES = YES;
				BUNDLE_LOADER = "$(TEST_HOST)";
				CODE_SIGN_STYLE = Automatic;
				INFOPLIST_FILE = UnsplashMVVMTests/Info.plist;
				IPHONEOS_DEPLOYMENT_TARGET = 13.5;
				LD_RUNPATH_SEARCH_PATHS = (
					"$(inherited)",
					"@executable_path/Frameworks",
					"@loader_path/Frameworks",
				);
				PRODUCT_BUNDLE_IDENTIFIER = com.carlosladd.UnsplashMVVMTests;
				PRODUCT_NAME = "$(TARGET_NAME)";
				SWIFT_VERSION = 5.0;
				TARGETED_DEVICE_FAMILY = "1,2";
				TEST_HOST = "$(BUILT_PRODUCTS_DIR)/UnsplashMVVM.app/UnsplashMVVM";
			};
			name = Release;
		};
		86A55387253A7FDF0055FC71 /* Debug */ = {
			isa = XCBuildConfiguration;
			baseConfigurationReference = F567CBA2930FDD09CF0ADF0A /* Pods-UnsplashMVVM-UnsplashMVVMUITests.debug.xcconfig */;
			buildSettings = {
				ALWAYS_EMBED_SWIFT_STANDARD_LIBRARIES = YES;
				CODE_SIGN_STYLE = Automatic;
				INFOPLIST_FILE = UnsplashMVVMUITests/Info.plist;
				LD_RUNPATH_SEARCH_PATHS = (
					"$(inherited)",
					"@executable_path/Frameworks",
					"@loader_path/Frameworks",
				);
				PRODUCT_BUNDLE_IDENTIFIER = com.carlosladd.UnsplashMVVMUITests;
				PRODUCT_NAME = "$(TARGET_NAME)";
				SWIFT_VERSION = 5.0;
				TARGETED_DEVICE_FAMILY = "1,2";
				TEST_TARGET_NAME = UnsplashMVVM;
			};
			name = Debug;
		};
		86A55388253A7FDF0055FC71 /* Release */ = {
			isa = XCBuildConfiguration;
			baseConfigurationReference = EE2725E381022EB36F602DC8 /* Pods-UnsplashMVVM-UnsplashMVVMUITests.release.xcconfig */;
			buildSettings = {
				ALWAYS_EMBED_SWIFT_STANDARD_LIBRARIES = YES;
				CODE_SIGN_STYLE = Automatic;
				INFOPLIST_FILE = UnsplashMVVMUITests/Info.plist;
				LD_RUNPATH_SEARCH_PATHS = (
					"$(inherited)",
					"@executable_path/Frameworks",
					"@loader_path/Frameworks",
				);
				PRODUCT_BUNDLE_IDENTIFIER = com.carlosladd.UnsplashMVVMUITests;
				PRODUCT_NAME = "$(TARGET_NAME)";
				SWIFT_VERSION = 5.0;
				TARGETED_DEVICE_FAMILY = "1,2";
				TEST_TARGET_NAME = UnsplashMVVM;
			};
			name = Release;
		};
/* End XCBuildConfiguration section */

/* Begin XCConfigurationList section */
		86A55351253A7FDC0055FC71 /* Build configuration list for PBXProject "UnsplashMVVM" */ = {
			isa = XCConfigurationList;
			buildConfigurations = (
				86A5537E253A7FDF0055FC71 /* Debug */,
				86A5537F253A7FDF0055FC71 /* Release */,
			);
			defaultConfigurationIsVisible = 0;
			defaultConfigurationName = Release;
		};
		86A55380253A7FDF0055FC71 /* Build configuration list for PBXNativeTarget "UnsplashMVVM" */ = {
			isa = XCConfigurationList;
			buildConfigurations = (
				86A55381253A7FDF0055FC71 /* Debug */,
				86A55382253A7FDF0055FC71 /* Release */,
			);
			defaultConfigurationIsVisible = 0;
			defaultConfigurationName = Release;
		};
		86A55383253A7FDF0055FC71 /* Build configuration list for PBXNativeTarget "UnsplashMVVMTests" */ = {
			isa = XCConfigurationList;
			buildConfigurations = (
				86A55384253A7FDF0055FC71 /* Debug */,
				86A55385253A7FDF0055FC71 /* Release */,
			);
			defaultConfigurationIsVisible = 0;
			defaultConfigurationName = Release;
		};
		86A55386253A7FDF0055FC71 /* Build configuration list for PBXNativeTarget "UnsplashMVVMUITests" */ = {
			isa = XCConfigurationList;
			buildConfigurations = (
				86A55387253A7FDF0055FC71 /* Debug */,
				86A55388253A7FDF0055FC71 /* Release */,
			);
			defaultConfigurationIsVisible = 0;
			defaultConfigurationName = Release;
		};
/* End XCConfigurationList section */
	};
	rootObject = 86A5534E253A7FDC0055FC71 /* Project object */;
}
